
Microsoft Visual Studio Solution File, Format Version 12.00
# Visual Studio 15
Project("{FAE04EC0-301F-11D3-BF4B-00C04F79EFBC}") = "Assembly-CSharp", "Assembly-CSharp.csproj", "{C4DCAFBB-43F4-DA1B-128C-E649D07F4023}"
EndProject
Project("{FAE04EC0-301F-11D3-BF4B-00C04F79EFBC}") = "Assembly-CSharp-Editor", "Assembly-CSharp-Editor.csproj", "{29E164C3-6A83-1AB0-C514-D7892F26DB6F}"
EndProject
Global
	GlobalSection(SolutionConfigurationPlatforms) = preSolution
		Debug|Any CPU = Debug|Any CPU
		Release|Any CPU = Release|Any CPU
	EndGlobalSection
	GlobalSection(ProjectConfigurationPlatforms) = postSolution
		{C4DCAFBB-43F4-DA1B-128C-E649D07F4023}.Debug|Any CPU.ActiveCfg = Debug|Any CPU
		{C4DCAFBB-43F4-DA1B-128C-E649D07F4023}.Debug|Any CPU.Build.0 = Debug|Any CPU
		{C4DCAFBB-43F4-DA1B-128C-E649D07F4023}.Release|Any CPU.ActiveCfg = Release|Any CPU
		{C4DCAFBB-43F4-DA1B-128C-E649D07F4023}.Release|Any CPU.Build.0 = Release|Any CPU
		{29E164C3-6A83-1AB0-C514-D7892F26DB6F}.Debug|Any CPU.ActiveCfg = Debug|Any CPU
		{29E164C3-6A83-1AB0-C514-D7892F26DB6F}.Debug|Any CPU.Build.0 = Debug|Any CPU
		{29E164C3-6A83-1AB0-C514-D7892F26DB6F}.Release|Any CPU.ActiveCfg = Release|Any CPU
		{29E164C3-6A83-1AB0-C514-D7892F26DB6F}.Release|Any CPU.Build.0 = Release|Any CPU
	EndGlobalSection
	GlobalSection(SolutionProperties) = preSolution
		HideSolutionNode = FALSE
	EndGlobalSection
EndGlobal
